
Microsoft Visual Studio Solution File, Format Version 12.00
# Visual Studio Version 16
VisualStudioVersion = 16.0.29806.167
MinimumVisualStudioVersion = 10.0.40219.1
Project("{9A19103F-16F7-4668-BE54-9A1E7A4F7556}") = "Tarea4", "Tarea4.csproj", "{8EA49F17-3886-4718-AD93-E81B3F4695CE}"
EndProject
Global
	GlobalSection(SolutionConfigurationPlatforms) = preSolution
		Debug|Any CPU = Debug|Any CPU
		Release|Any CPU = Release|Any CPU
	EndGlobalSection
	GlobalSection(ProjectConfigurationPlatforms) = postSolution
		{8EA49F17-3886-4718-AD93-E81B3F4695CE}.Debug|Any CPU.ActiveCfg = Debug|Any CPU
		{8EA49F17-3886-4718-AD93-E81B3F4695CE}.Debug|Any CPU.Build.0 = Debug|Any CPU
		{8EA49F17-3886-4718-AD93-E81B3F4695CE}.Release|Any CPU.ActiveCfg = Release|Any CPU
		{8EA49F17-3886-4718-AD93-E81B3F4695CE}.Release|Any CPU.Build.0 = Release|Any CPU
	EndGlobalSection
	GlobalSection(SolutionProperties) = preSolution
		HideSolutionNode = FALSE
	EndGlobalSection
	GlobalSection(ExtensibilityGlobals) = postSolution
		SolutionGuid = {825F0425-436F-42F1-96EF-7D9157DB2780}
	EndGlobalSection
EndGlobal
